<?xml version="1.0" encoding="utf-8"?>
<Project ToolsVersion="4.0" xmlns="http://schemas.microsoft.com/developer/msbuild/2003">
  <ItemGroup>
    <Filter Include="Source Files">
      <UniqueIdentifier>{4FC737F1-C7A5-4376-A066-2A32D752A2FF}</UniqueIdentifier>
      <Extensions>cpp;c;cc;cxx;c++;cppm;ixx;def;odl;idl;hpj;bat;asm;asmx</Extensions>
    </Filter>
    <Filter Include="Header Files">
      <UniqueIdentifier>{93995380-89BD-4b04-88EB-625FBE52EBFB}</UniqueIdentifier>
      <Extensions>h;hh;hpp;hxx;h++;hm;inl;inc;ipp;xsd</Extensions>
    </Filter>
    <Filter Include="Resource Files">
      <UniqueIdentifier>{67DA6AB6-F800-4c08-8B7A-83BB121AAD01}</UniqueIdentifier>
      <Extensions>rc;ico;cur;bmp;dlg;rc2;rct;bin;rgs;gif;jpg;jpeg;jpe;resx;tiff;tif;png;wav;mfcribbon-ms</Extensions>
    </Filter>
    <Filter Include="Resource Files\lib">
      <UniqueIdentifier>{e559214c-a65a-4487-b0fe-07891cf9c715}</UniqueIdentifier>
    </Filter>
    <Filter Include="Resource Files\lib\x64">
      <UniqueIdentifier>{214fce6c-9d1b-4438-bb11-8cb232473176}</UniqueIdentifier>
    </Filter>
    <Filter Include="Resource Files\lib\x86">
      <UniqueIdentifier>{e4f659a3-8466-435b-9399-7499b2a42581}</UniqueIdentifier>
    </Filter>
    <Filter Include="Resource Files\dlls">
      <UniqueIdentifier>{247d44b9-eb5b-43a9-84f5-a70009c4d0fd}</UniqueIdentifier>
    </Filter>
  </ItemGroup>
  <ItemGroup>
    <ClCompile Include="Src\Display.cpp">
      <Filter>Source Files</Filter>
    </ClCompile>
    <ClCompile Include="Src\Colors.cpp">
      <Filter>Source Files</Filter>
    </ClCompile>
    <ClCompile Include="main.cpp">
      <Filter>Source Files</Filter>
    </ClCompile>
    <ClCompile Include="Src\GLsetup.cpp">
      <Filter>Source Files</Filter>
    </ClCompile>
    <ClCompile Include="Src\GLbuffer.cpp">
      <Filter>Source Files</Filter>
    </ClCompile>
  </ItemGroup>
  <ItemGroup>
    <Library Include="Libraries\lib\libx64\freeglut.lib">
      <Filter>Resource Files\lib\x64</Filter>
    </Library>
    <Library Include="Libraries\lib\libx86\freeglut.lib">
      <Filter>Resource Files\lib\x86</Filter>
    </Library>
  </ItemGroup>
  <ItemGroup>
    <ClInclude Include="Include\Base.h">
      <Filter>Header Files</Filter>
    </ClInclude>
    <ClInclude Include="Include\Colors.h">
      <Filter>Header Files</Filter>
    </ClInclude>
  </ItemGroup>
  <ItemGroup>
    <Text Include="Res\colors.txt">
      <Filter>Resource Files</Filter>
    </Text>
  </ItemGroup>
  <ItemGroup>
    <None Include="x64\Debug\freeglut.dll">
      <Filter>Resource Files\dlls</Filter>
    </None>
    <None Include="Debug\freeglut.dll">
      <Filter>Resource Files\dlls</Filter>
    </None>
    <None Include="Release\freeglut.dll">
      <Filter>Resource Files\dlls</Filter>
    </None>
    <None Include="x64\Release\freeglut.dll">
      <Filter>Resource Files\dlls</Filter>
    </None>
  </ItemGroup>
</Project>